// !$*UTF8*$!
{
	archiveVersion = 1;
	classes = {
	};
	objectVersion = 46;
	objects = {

/* Begin PBXBuildFile section */
		6D629AAA1D188691002E0A08 /* AppDelegate.swift in Sources */ = {isa = PBXBuildFile; fileRef = 6D629AA91D188691002E0A08 /* AppDelegate.swift */; };
		6D629AAC1D188691002E0A08 /* ViewController.swift in Sources */ = {isa = PBXBuildFile; fileRef = 6D629AAB1D188691002E0A08 /* ViewController.swift */; };
		6D629AAF1D188691002E0A08 /* Main.storyboard in Resources */ = {isa = PBXBuildFile; fileRef = 6D629AAD1D188691002E0A08 /* Main.storyboard */; };
		6D629AB11D188691002E0A08 /* Images.xcassets in Resources */ = {isa = PBXBuildFile; fileRef = 6D629AB01D188691002E0A08 /* Images.xcassets */; };
		6D629AB41D188691002E0A08 /* LaunchScreen.xib in Resources */ = {isa = PBXBuildFile; fileRef = 6D629AB21D188691002E0A08 /* LaunchScreen.xib */; };
		6D629AC01D188691002E0A08 /* hello_worldTests.swift in Sources */ = {isa = PBXBuildFile; fileRef = 6D629ABF1D188691002E0A08 /* hello_worldTests.swift */; };
/* End PBXBuildFile section */

/* Begin PBXContainerItemProxy section */
		6D629ABA1D188691002E0A08 /* PBXContainerItemProxy */ = {
			isa = PBXContainerItemProxy;
			containerPortal = 6D629A9C1D188691002E0A08 /* Project object */;
			proxyType = 1;
			remoteGlobalIDString = 6D629AA31D188691002E0A08;
			remoteInfo = "hello world";
		};
/* End PBXContainerItemProxy section */

/* Begin PBXFileReference section */
		6D629AA41D188691002E0A08 /* hello world.app */ = {isa = PBXFileReference; explicitFileType = wrapper.application; includeInIndex = 0; path = "hello world.app"; sourceTree = BUILT_PRODUCTS_DIR; };
		6D629AA81D188691002E0A08 /* Info.plist */ = {isa = PBXFileReference; lastKnownFileType = text.plist.xml; path = Info.plist; sourceTree = "<group>"; };
		6D629AA91D188691002E0A08 /* AppDelegate.swift */ = {isa = PBXFileReference; lastKnownFileType = sourcecode.swift; path = AppDelegate.swift; sourceTree = "<group>"; };
		6D629AAB1D188691002E0A08 /* ViewController.swift */ = {isa = PBXFileReference; lastKnownFileType = sourcecode.swift; path = ViewController.swift; sourceTree = "<group>"; };
		6D629AAE1D188691002E0A08 /* Base */ = {isa = PBXFileReference; lastKnownFileType = file.storyboard; name = Base; path = Base.lproj/Main.storyboard; sourceTree = "<group>"; };
		6D629AB01D188691002E0A08 /* Images.xcassets */ = {isa = PBXFileReference; lastKnownFileType = folder.assetcatalog; path = Images.xcassets; sourceTree = "<group>"; };
		6D629AB31D188691002E0A08 /* Base */ = {isa = PBXFileReference; lastKnownFileType = file.xib; name = Base; path = Base.lproj/LaunchScreen.xib; sourceTree = "<group>"; };
		6D629AB91D188691002E0A08 /* hello worldTests.xctest */ = {isa = PBXFileReference; explicitFileType = wrapper.cfbundle; includeInIndex = 0; path = "hello worldTests.xctest"; sourceTree = BUILT_PRODUCTS_DIR; };
		6D629ABE1D188691002E0A08 /* Info.plist */ = {isa = PBXFileReference; lastKnownFileType = text.plist.xml; path = Info.plist; sourceTree = "<group>"; };
		6D629ABF1D188691002E0A08 /* hello_worldTests.swift */ = {isa = PBXFileReference; lastKnownFileType = sourcecode.swift; path = hello_worldTests.swift; sourceTree = "<group>"; };
/* End PBXFileReference section */

/* Begin PBXFrameworksBuildPhase section */
		6D629AA11D188691002E0A08 /* Frameworks */ = {
			isa = PBXFrameworksBuildPhase;
			buildActionMask = 2147483647;
			files = (
			);
			runOnlyForDeploymentPostprocessing = 0;
		};
		6D629AB61D188691002E0A08 /* Frameworks */ = {
			isa = PBXFrameworksBuildPhase;
			buildActionMask = 2147483647;
			files = (
			);
			runOnlyForDeploymentPostprocessing = 0;
		};
/* End PBXFrameworksBuildPhase section */

/* Begin PBXGroup section */
		6D629A9B1D188691002E0A08 = {
			isa = PBXGroup;
			children = (
				6D629AA61D188691002E0A08 /* hello world */,
				6D629ABC1D188691002E0A08 /* hello worldTests */,
				6D629AA51D188691002E0A08 /* Products */,
			);
			sourceTree = "<group>";
		};
		6D629AA51D188691002E0A08 /* Products */ = {
			isa = PBXGroup;
			children = (
				6D629AA41D188691002E0A08 /* hello world.app */,
				6D629AB91D188691002E0A08 /* hello worldTests.xctest */,
			);
			name = Products;
			sourceTree = "<group>";
		};
		6D629AA61D188691002E0A08 /* hello world */ = {
			isa = PBXGroup;
			children = (
				6D629AA91D188691002E0A08 /* AppDelegate.swift */,
				6D629AAB1D188691002E0A08 /* ViewController.swift */,
				6D629AAD1D188691002E0A08 /* Main.storyboard */,
				6D629AB01D188691002E0A08 /* Images.xcassets */,
				6D629AB21D188691002E0A08 /* LaunchScreen.xib */,
				6D629AA71D188691002E0A08 /* Supporting Files */,
			);
			path = "hello world";
			sourceTree = "<group>";
		};
		6D629AA71D188691002E0A08 /* Supporting Files */ = {
			isa = PBXGroup;
			children = (
				6D629AA81D188691002E0A08 /* Info.plist */,
			);
			name = "Supporting Files";
			sourceTree = "<group>";
		};
		6D629ABC1D188691002E0A08 /* hello worldTests */ = {
			isa = PBXGroup;
			children = (
				6D629ABF1D188691002E0A08 /* hello_worldTests.swift */,
				6D629ABD1D188691002E0A08 /* Supporting Files */,
			);
			path = "hello worldTests";
			sourceTree = "<group>";
		};
		6D629ABD1D188691002E0A08 /* Supporting Files */ = {
			isa = PBXGroup;
			children = (
				6D629ABE1D188691002E0A08 /* Info.plist */,
			);
			name = "Supporting Files";
			sourceTree = "<group>";
		};
/* End PBXGroup section */

/* Begin PBXNativeTarget section */
		6D629AA31D188691002E0A08 /* hello world */ = {
			isa = PBXNativeTarget;
			buildConfigurationList = 6D629AC31D188691002E0A08 /* Build configuration list for PBXNativeTarget "hello world" */;
			buildPhases = (
				6D629AA01D188691002E0A08 /* Sources */,
				6D629AA11D188691002E0A08 /* Frameworks */,
				6D629AA21D188691002E0A08 /* Resources */,
			);
			buildRules = (
			);
			dependencies = (
			);
			name = "hello world";
			productName = "hello world";
			productReference = 6D629AA41D188691002E0A08 /* hello world.app */;
			productType = "com.apple.product-type.application";
		};
		6D629AB81D188691002E0A08 /* hello worldTests */ = {
			isa = PBXNativeTarget;
			buildConfigurationList = 6D629AC61D188691002E0A08 /* Build configuration list for PBXNativeTarget "hello worldTests" */;
			buildPhases = (
				6D629AB51D188691002E0A08 /* Sources */,
				6D629AB61D188691002E0A08 /* Frameworks */,
				6D629AB71D188691002E0A08 /* Resources */,
			);
			buildRules = (
			);
			dependencies = (
				6D629ABB1D188691002E0A08 /* PBXTargetDependency */,
			);
			name = "hello worldTests";
			productName = "hello worldTests";
			productReference = 6D629AB91D188691002E0A08 /* hello worldTests.xctest */;
			productType = "com.apple.product-type.bundle.unit-test";
		};
/* End PBXNativeTarget section */

/* Begin PBXProject section */
		6D629A9C1D188691002E0A08 /* Project object */ = {
			isa = PBXProject;
			attributes = {
				LastUpgradeCheck = 0630;
				ORGANIZATIONNAME = sankim;
				TargetAttributes = {
					6D629AA31D188691002E0A08 = {
						CreatedOnToolsVersion = 6.3.2;
					};
					6D629AB81D188691002E0A08 = {
						CreatedOnToolsVersion = 6.3.2;
						TestTargetID = 6D629AA31D188691002E0A08;
					};
				};
			};
			buildConfigurationList = 6D629A9F1D188691002E0A08 /* Build configuration list for PBXProject "hello world" */;
			compatibilityVersion = "Xcode 3.2";
			developmentRegion = English;
			hasScannedForEncodings = 0;
			knownRegions = (
				en,
				Base,
			);
			mainGroup = 6D629A9B1D188691002E0A08;
			productRefGroup = 6D629AA51D188691002E0A08 /* Products */;
			projectDirPath = "";
			projectRoot = "";
			targets = (
				6D629AA31D188691002E0A08 /* hello world */,
				6D629AB81D188691002E0A08 /* hello worldTests */,
			);
		};
/* End PBXProject section */

/* Begin PBXResourcesBuildPhase section */
		6D629AA21D188691002E0A08 /* Resources */ = {
			isa = PBXResourcesBuildPhase;
			buildActionMask = 2147483647;
			files = (
				6D629AAF1D188691002E0A08 /* Main.storyboard in Resources */,
				6D629AB41D188691002E0A08 /* LaunchScreen.xib in Resources */,
				6D629AB11D188691002E0A08 /* Images.xcassets in Resources */,
			);
			runOnlyForDeploymentPostprocessing = 0;
		};
		6D629AB71D188691002E0A08 /* Resources */ = {
			isa = PBXResourcesBuildPhase;
			buildActionMask = 2147483647;
			files = (
			);
			runOnlyForDeploymentPostprocessing = 0;
		};
/* End PBXResourcesBuildPhase section */

/* Begin PBXSourcesBuildPhase section */
		6D629AA01D188691002E0A08 /* Sources */ = {
			isa = PBXSourcesBuildPhase;
			buildActionMask = 2147483647;
			files = (
				6D629AAC1D188691002E0A08 /* ViewController.swift in Sources */,
				6D629AAA1D188691002E0A08 /* AppDelegate.swift in Sources */,
			);
			runOnlyForDeploymentPostprocessing = 0;
		};
		6D629AB51D188691002E0A08 /* Sources */ = {
			isa = PBXSourcesBuildPhase;
			buildActionMask = 2147483647;
			files = (
				6D629AC01D188691002E0A08 /* hello_worldTests.swift in Sources */,
			);
			runOnlyForDeploymentPostprocessing = 0;
		};
/* End PBXSourcesBuildPhase section */

/* Begin PBXTargetDependency section */
		6D629ABB1D188691002E0A08 /* PBXTargetDependency */ = {
			isa = PBXTargetDependency;
			target = 6D629AA31D188691002E0A08 /* hello world */;
			targetProxy = 6D629ABA1D188691002E0A08 /* PBXContainerItemProxy */;
		};
/* End PBXTargetDependency section */

/* Begin PBXVariantGroup section */
		6D629AAD1D188691002E0A08 /* Main.storyboard */ = {
			isa = PBXVariantGroup;
			children = (
				6D629AAE1D188691002E0A08 /* Base */,
			);
			name = Main.storyboard;
			sourceTree = "<group>";
		};
		6D629AB21D188691002E0A08 /* LaunchScreen.xib */ = {
			isa = PBXVariantGroup;
			children = (
				6D629AB31D188691002E0A08 /* Base */,
			);
			name = LaunchScreen.xib;
			sourceTree = "<group>";
		};
/* End PBXVariantGroup section */

/* Begin XCBuildConfiguration section */
		6D629AC11D188691002E0A08 /* Debug */ = {
			isa = XCBuildConfiguration;
			buildSettings = {
				ALWAYS_SEARCH_USER_PATHS = NO;
				CLANG_CXX_LANGUAGE_STANDARD = "gnu++0x";
				CLANG_CXX_LIBRARY = "libc++";
				CLANG_ENABLE_MODULES = YES;
				CLANG_ENABLE_OBJC_ARC = YES;
				CLANG_WARN_BOOL_CONVERSION = YES;
				CLANG_WARN_CONSTANT_CONVERSION = YES;
				CLANG_WARN_DIRECT_OBJC_ISA_USAGE = YES_ERROR;
				CLANG_WARN_EMPTY_BODY = YES;
				CLANG_WARN_ENUM_CONVERSION = YES;
				CLANG_WARN_INT_CONVERSION = YES;
				CLANG_WARN_OBJC_ROOT_CLASS = YES_ERROR;
				CLANG_WARN_UNREACHABLE_CODE = YES;
				CLANG_WARN__DUPLICATE_METHOD_MATCH = YES;
				"CODE_SIGN_IDENTITY[sdk=iphoneos*]" = "iPhone Developer";
				COPY_PHASE_STRIP = NO;
				DEBUG_INFORMATION_FORMAT = "dwarf-with-dsym";
				ENABLE_STRICT_OBJC_MSGSEND = YES;
				GCC_C_LANGUAGE_STANDARD = gnu99;
				GCC_DYNAMIC_NO_PIC = NO;
				GCC_NO_COMMON_BLOCKS = YES;
				GCC_OPTIMIZATION_LEVEL = 0;
				GCC_PREPROCESSOR_DEFINITIONS = (
					"DEBUG=1",
					"$(inherited)",
				);
				GCC_SYMBOLS_PRIVATE_EXTERN = NO;
				GCC_WARN_64_TO_32_BIT_CONVERSION = YES;
				GCC_WARN_ABOUT_RETURN_TYPE = YES_ERROR;
				GCC_WARN_UNDECLARED_SELECTOR = YES;
				GCC_WARN_UNINITIALIZED_AUTOS = YES_AGGRESSIVE;
				GCC_WARN_UNUSED_FUNCTION = YES;
				GCC_WARN_UNUSED_VARIABLE = YES;
				IPHONEOS_DEPLOYMENT_TARGET = 8.3;
				MTL_ENABLE_DEBUG_INFO = YES;
				ONLY_ACTIVE_ARCH = YES;
				SDKROOT = iphoneos;
				SWIFT_OPTIMIZATION_LEVEL = "-Onone";
				TARGETED_DEVICE_FAMILY = "1,2";
			};
			name = Debug;
		};
		6D629AC21D188691002E0A08 /* Release */ = {
			isa = XCBuildConfiguration;
			buildSettings = {
				ALWAYS_SEARCH_USER_PATHS = NO;
				CLANG_CXX_LANGUAGE_STANDARD = "gnu++0x";
				CLANG_CXX_LIBRARY = "libc++";
				CLANG_ENABLE_MODULES = YES;
				CLANG_ENABLE_OBJC_ARC = YES;
				CLANG_WARN_BOOL_CONVERSION = YES;
				CLANG_WARN_CONSTANT_CONVERSION = YES;
				CLANG_WARN_DIRECT_OBJC_ISA_USAGE = YES_ERROR;
				CLANG_WARN_EMPTY_BODY = YES;
				CLANG_WARN_ENUM_CONVERSION = YES;
				CLANG_WARN_INT_CONVERSION = YES;
				CLANG_WARN_OBJC_ROOT_CLASS = YES_ERROR;
				CLANG_WARN_UNREACHABLE_CODE = YES;
				CLANG_WARN__DUPLICATE_METHOD_MATCH = YES;
				"CODE_SIGN_IDENTITY[sdk=iphoneos*]" = "iPhone Developer";
				COPY_PHASE_STRIP = NO;
				DEBUG_INFORMATION_FORMAT = "dwarf-with-dsym";
				ENABLE_NS_ASSERTIONS = NO;
				ENABLE_STRICT_OBJC_MSGSEND = YES;
				GCC_C_LANGUAGE_STANDARD = gnu99;
				GCC_NO_COMMON_BLOCKS = YES;
				GCC_WARN_64_TO_32_BIT_CONVERSION = YES;
				GCC_WARN_ABOUT_RETURN_TYPE = YES_ERROR;
				GCC_WARN_UNDECLARED_SELECTOR = YES;
				GCC_WARN_UNINITIALIZED_AUTOS = YES_AGGRESSIVE;
				GCC_WARN_UNUSED_FUNCTION = YES;
				GCC_WARN_UNUSED_VARIABLE = YES;
				IPHONEOS_DEPLOYMENT_TARGET = 8.3;
				MTL_ENABLE_DEBUG_INFO = NO;
				SDKROOT = iphoneos;
				TARGETED_DEVICE_FAMILY = "1,2";
				VALIDATE_PRODUCT = YES;
			};
			name = Release;
		};
		6D629AC41D188691002E0A08 /* Debug */ = {
			isa = XCBuildConfiguration;
			buildSettings = {
				ASSETCATALOG_COMPILER_APPICON_NAME = AppIcon;
				INFOPLIST_FILE = "hello world/Info.plist";
				LD_RUNPATH_SEARCH_PATHS = "$(inherited) @executable_path/Frameworks";
				PRODUCT_NAME = "$(TARGET_NAME)";
			};
			name = Debug;
		};
		6D629AC51D188691002E0A08 /* Release */ = {
			isa = XCBuildConfiguration;
			buildSettings = {
				ASSETCATALOG_COMPILER_APPICON_NAME = AppIcon;
				INFOPLIST_FILE = "hello world/Info.plist";
				LD_RUNPATH_SEARCH_PATHS = "$(inherited) @executable_path/Frameworks";
				PRODUCT_NAME = "$(TARGET_NAME)";
			};
			name = Release;
		};
		6D629AC71D188691002E0A08 /* Debug */ = {
			isa = XCBuildConfiguration;
			buildSettings = {
				BUNDLE_LOADER = "$(TEST_HOST)";
				FRAMEWORK_SEARCH_PATHS = (
					"$(SDKROOT)/Developer/Library/Frameworks",
					"$(inherited)",
				);
				GCC_PREPROCESSOR_DEFINITIONS = (
					"DEBUG=1",
					"$(inherited)",
				);
				INFOPLIST_FILE = "hello worldTests/Info.plist";
				LD_RUNPATH_SEARCH_PATHS = "$(inherited) @executable_path/Frameworks @loader_path/Frameworks";
				PRODUCT_NAME = "$(TARGET_NAME)";
				TEST_HOST = "$(BUILT_PRODUCTS_DIR)/hello world.app/hello world";
			};
			name = Debug;
		};
		6D629AC81D188691002E0A08 /* Release */ = {
			isa = XCBuildConfiguration;
			buildSettings = {
				BUNDLE_LOADER = "$(TEST_HOST)";
				FRAMEWORK_SEARCH_PATHS = (
					"$(SDKROOT)/Developer/Library/Frameworks",
					"$(inherited)",
				);
				INFOPLIST_FILE = "hello worldTests/Info.plist";
				LD_RUNPATH_SEARCH_PATHS = "$(inherited) @executable_path/Frameworks @loader_path/Frameworks";
				PRODUCT_NAME = "$(TARGET_NAME)";
				TEST_HOST = "$(BUILT_PRODUCTS_DIR)/hello world.app/hello world";
			};
			name = Release;
		};
/* End XCBuildConfiguration section */

/* Begin XCConfigurationList section */
		6D629A9F1D188691002E0A08 /* Build configuration list for PBXProject "hello world" */ = {
			isa = XCConfigurationList;
			buildConfigurations = (
				6D629AC11D188691002E0A08 /* Debug */,
				6D629AC21D188691002E0A08 /* Release */,
			);
			defaultConfigurationIsVisible = 0;
			defaultConfigurationName = Release;
		};
		6D629AC31D188691002E0A08 /* Build configuration list for PBXNativeTarget "hello world" */ = {
			isa = XCConfigurationList;
			buildConfigurations = (
				6D629AC41D188691002E0A08 /* Debug */,
				6D629AC51D188691002E0A08 /* Release */,
			);
			defaultConfigurationIsVisible = 0;
		};
		6D629AC61D188691002E0A08 /* Build configuration list for PBXNativeTarget "hello worldTests" */ = {
			isa = XCConfigurationList;
			buildConfigurations = (
				6D629AC71D188691002E0A08 /* Debug */,
				6D629AC81D188691002E0A08 /* Release */,
			);
			defaultConfigurationIsVisible = 0;
		};
/* End XCConfigurationList section */
	};
	rootObject = 6D629A9C1D188691002E0A08 /* Project object */;
}
